
Microsoft Visual Studio Solution File, Format Version 12.00
Project("{FAE04EC0-301F-11D3-BF4B-00C04F79EFBC}") = "QuantumEmulatorLibrary", "QuantumEmulatorLibrary\QuantumEmulatorLibrary.csproj", "{B548ACD3-3EBF-452E-80B6-3983B89ACBD1}"
EndProject
Project("{FAE04EC0-301F-11D3-BF4B-00C04F79EFBC}") = "SampleQuantumEmulator", "SampleQuantumEmulator\SampleQuantumEmulator.csproj", "{27660578-39CF-4C1A-B72F-5FA5865D71F3}"
EndProject
Project("{FAE04EC0-301F-11D3-BF4B-00C04F79EFBC}") = "TestQuantumEmulatorLibrary", "TestQuantumEmulatorLibrary\TestQuantumEmulatorLibrary.csproj", "{6850D5A0-4864-471F-9E11-B7D26A9C4D12}"
EndProject
Global
	GlobalSection(SolutionConfigurationPlatforms) = preSolution
		Debug|Any CPU = Debug|Any CPU
		Release|Any CPU = Release|Any CPU
	EndGlobalSection
	GlobalSection(ProjectConfigurationPlatforms) = postSolution
		{B548ACD3-3EBF-452E-80B6-3983B89ACBD1}.Debug|Any CPU.ActiveCfg = Debug|Any CPU
		{B548ACD3-3EBF-452E-80B6-3983B89ACBD1}.Debug|Any CPU.Build.0 = Debug|Any CPU
		{B548ACD3-3EBF-452E-80B6-3983B89ACBD1}.Release|Any CPU.ActiveCfg = Release|Any CPU
		{B548ACD3-3EBF-452E-80B6-3983B89ACBD1}.Release|Any CPU.Build.0 = Release|Any CPU
		{27660578-39CF-4C1A-B72F-5FA5865D71F3}.Debug|Any CPU.ActiveCfg = Debug|Any CPU
		{27660578-39CF-4C1A-B72F-5FA5865D71F3}.Debug|Any CPU.Build.0 = Debug|Any CPU
		{27660578-39CF-4C1A-B72F-5FA5865D71F3}.Release|Any CPU.ActiveCfg = Release|Any CPU
		{27660578-39CF-4C1A-B72F-5FA5865D71F3}.Release|Any CPU.Build.0 = Release|Any CPU
		{6850D5A0-4864-471F-9E11-B7D26A9C4D12}.Debug|Any CPU.ActiveCfg = Debug|Any CPU
		{6850D5A0-4864-471F-9E11-B7D26A9C4D12}.Debug|Any CPU.Build.0 = Debug|Any CPU
		{6850D5A0-4864-471F-9E11-B7D26A9C4D12}.Release|Any CPU.ActiveCfg = Release|Any CPU
		{6850D5A0-4864-471F-9E11-B7D26A9C4D12}.Release|Any CPU.Build.0 = Release|Any CPU
	EndGlobalSection
EndGlobal
